
Microsoft Visual Studio Solution File, Format Version 12.00
# Visual Studio Version 17
VisualStudioVersion = 17.14.36623.8 d17.14
MinimumVisualStudioVersion = 10.0.40219.1
Project("{8BC9CEB8-8B4A-11D0-8D11-00A0C91BC942}") = "pyzir", "pyzir.vcxproj", "{17854EA3-081C-4B5F-A38A-00C7AD35658B}"
EndProject
Global
	GlobalSection(SolutionConfigurationPlatforms) = preSolution
		Debug|x64 = Debug|x64
		Debug|x86 = Debug|x86
		Release|x64 = Release|x64
		Release|x86 = Release|x86
	EndGlobalSection
	GlobalSection(ProjectConfigurationPlatforms) = postSolution
		{17854EA3-081C-4B5F-A38A-00C7AD35658B}.Debug|x64.ActiveCfg = Debug|x64
		{17854EA3-081C-4B5F-A38A-00C7AD35658B}.Debug|x64.Build.0 = Debug|x64
		{17854EA3-081C-4B5F-A38A-00C7AD35658B}.Debug|x86.ActiveCfg = Debug|Win32
		{17854EA3-081C-4B5F-A38A-00C7AD35658B}.Debug|x86.Build.0 = Debug|Win32
		{17854EA3-081C-4B5F-A38A-00C7AD35658B}.Release|x64.ActiveCfg = Release|x64
		{17854EA3-081C-4B5F-A38A-00C7AD35658B}.Release|x64.Build.0 = Release|x64
		{17854EA3-081C-4B5F-A38A-00C7AD35658B}.Release|x86.ActiveCfg = Release|Win32
		{17854EA3-081C-4B5F-A38A-00C7AD35658B}.Release|x86.Build.0 = Release|Win32
	EndGlobalSection
	GlobalSection(SolutionProperties) = preSolution
		HideSolutionNode = FALSE
	EndGlobalSection
	GlobalSection(ExtensibilityGlobals) = postSolution
		SolutionGuid = {6E488644-DC29-4971-93B4-18595A0CC0A6}
	EndGlobalSection
EndGlobal
